{
	"name": "@e280/strata",
	"version": "0.3.1",
	"lockfileVersion": 3,
	"requires": true,
	"packages": {
		"": {
			"name": "@e280/strata",
			"version": "0.3.1",
			"license": "MIT",
			"dependencies": {
				"@e280/stz": "^0.2.29"
			},
			"devDependencies": {
				"@e280/octo": "^0.1.0",
				"@e280/science": "^0.1.10",
				"@types/node": "^25.5.2",
				"typescript": "^6.0.2"
			}
		},
		"node_modules/@benev/argv": {
			"version": "0.3.14",
			"resolved": "https://registry.npmjs.org/@benev/argv/-/argv-0.3.14.tgz",
			"integrity": "sha512-Lr0Mu05iSe7jFH22qhwKaN+mVnjMFQtJfSDjblfJhY+IFZ/EuYTrGw/cVjlFd6MTCmfxcFohU/2+t9MsjR21Xw==",
			"dev": true,
			"license": "MIT"
		},
		"node_modules/@e280/octo": {
			"version": "0.1.0",
			"resolved": "https://registry.npmjs.org/@e280/octo/-/octo-0.1.0.tgz",
			"integrity": "sha512-VAawyR6wVQjWdZ3Jax4Cu5H7QPU1+hPvMF9WXWgQSiaJydgZdnrCgBOySgIgNA8eWzi4aH8Zf7GzzBorzKgFQw==",
			"dev": true,
			"license": "MIT",
			"dependencies": {
				"@benev/argv": "^0.3.14",
				"@e280/sten": "^0.1.1",
				"@e280/strata": "^0.3.1",
				"@e280/stz": "^0.2.26",
				"shell-quote": "^1.8.3",
				"string-width": "^8.2.0"
			},
			"bin": {
				"octo": "x/octo.js",
				"octo-p": "x/octo-parallel.js",
				"octo-parallel": "x/octo-parallel.js",
				"octo-s": "x/octo-sequence.js",
				"octo-sequence": "x/octo-sequence.js"
			}
		},
		"node_modules/@e280/science": {
			"version": "0.1.10",
			"resolved": "https://registry.npmjs.org/@e280/science/-/science-0.1.10.tgz",
			"integrity": "sha512-AqbsJVm1MJ61C5MQOrNi7sGQ3DOH7WUOJfaVthJe0vp61ARvjHjiMouJ8YJL+zI7k4X8Pb4u1PkFMehbGYszgg==",
			"dev": true,
			"license": "MIT"
		},
		"node_modules/@e280/sten": {
			"version": "0.1.1",
			"resolved": "https://registry.npmjs.org/@e280/sten/-/sten-0.1.1.tgz",
			"integrity": "sha512-/Z5NFFBzQQE4vnnDRFAfbwG4baocqInsbXA/CDnvJxSMvCQcEjf7thpYY3gYCzCVpIDUu6azjOLlwkyFT/kqZg==",
			"dev": true,
			"license": "MIT"
		},
		"node_modules/@e280/strata": {
			"version": "0.3.1",
			"resolved": "https://registry.npmjs.org/@e280/strata/-/strata-0.3.1.tgz",
			"integrity": "sha512-SrSkuNp1EwBMmbPgSj0cn5YcNTf7S7qTC3uqQgRwyoLVhQYYVYUKHwOq2wzM5MnGszyWOljPTPJDYHZ8zeDelg==",
			"dev": true,
			"license": "MIT",
			"dependencies": {
				"@e280/stz": "^0.2.26"
			}
		},
		"node_modules/@e280/stz": {
			"version": "0.2.29",
			"resolved": "https://registry.npmjs.org/@e280/stz/-/stz-0.2.29.tgz",
			"integrity": "sha512-P62ZNDscwUSFVG/z7WuV7dSwJ8fzBCT1o3W5pZs2ZX+Qoq7E28DQlrnh6cbKTtc47dCzI2e1MK40mGYbCJ/YTg==",
			"license": "MIT"
		},
		"node_modules/@types/node": {
			"version": "25.5.2",
			"resolved": "https://registry.npmjs.org/@types/node/-/node-25.5.2.tgz",
			"integrity": "sha512-tO4ZIRKNC+MDWV4qKVZe3Ql/woTnmHDr5JD8UI5hn2pwBrHEwOEMZK7WlNb5RKB6EoJ02gwmQS9OrjuFnZYdpg==",
			"dev": true,
			"license": "MIT",
			"dependencies": {
				"undici-types": "~7.18.0"
			}
		},
		"node_modules/ansi-regex": {
			"version": "6.2.2",
			"resolved": "https://registry.npmjs.org/ansi-regex/-/ansi-regex-6.2.2.tgz",
			"integrity": "sha512-Bq3SmSpyFHaWjPk8If9yc6svM8c56dB5BAtW4Qbw5jHTwwXXcTLoRMkpDJp6VL0XzlWaCHTXrkFURMYmD0sLqg==",
			"dev": true,
			"license": "MIT",
			"engines": {
				"node": ">=12"
			},
			"funding": {
				"url": "https://github.com/chalk/ansi-regex?sponsor=1"
			}
		},
		"node_modules/get-east-asian-width": {
			"version": "1.5.0",
			"resolved": "https://registry.npmjs.org/get-east-asian-width/-/get-east-asian-width-1.5.0.tgz",
			"integrity": "sha512-CQ+bEO+Tva/qlmw24dCejulK5pMzVnUOFOijVogd3KQs07HnRIgp8TGipvCCRT06xeYEbpbgwaCxglFyiuIcmA==",
			"dev": true,
			"license": "MIT",
			"engines": {
				"node": ">=18"
			},
			"funding": {
				"url": "https://github.com/sponsors/sindresorhus"
			}
		},
		"node_modules/shell-quote": {
			"version": "1.8.3",
			"resolved": "https://registry.npmjs.org/shell-quote/-/shell-quote-1.8.3.tgz",
			"integrity": "sha512-ObmnIF4hXNg1BqhnHmgbDETF8dLPCggZWBjkQfhZpbszZnYur5DUljTcCHii5LC3J5E0yeO/1LIMyH+UvHQgyw==",
			"dev": true,
			"license": "MIT",
			"engines": {
				"node": ">= 0.4"
			},
			"funding": {
				"url": "https://github.com/sponsors/ljharb"
			}
		},
		"node_modules/string-width": {
			"version": "8.2.0",
			"resolved": "https://registry.npmjs.org/string-width/-/string-width-8.2.0.tgz",
			"integrity": "sha512-6hJPQ8N0V0P3SNmP6h2J99RLuzrWz2gvT7VnK5tKvrNqJoyS9W4/Fb8mo31UiPvy00z7DQXkP2hnKBVav76thw==",
			"dev": true,
			"license": "MIT",
			"dependencies": {
				"get-east-asian-width": "^1.5.0",
				"strip-ansi": "^7.1.2"
			},
			"engines": {
				"node": ">=20"
			},
			"funding": {
				"url": "https://github.com/sponsors/sindresorhus"
			}
		},
		"node_modules/strip-ansi": {
			"version": "7.2.0",
			"resolved": "https://registry.npmjs.org/strip-ansi/-/strip-ansi-7.2.0.tgz",
			"integrity": "sha512-yDPMNjp4WyfYBkHnjIRLfca1i6KMyGCtsVgoKe/z1+6vukgaENdgGBZt+ZmKPc4gavvEZ5OgHfHdrazhgNyG7w==",
			"dev": true,
			"license": "MIT",
			"dependencies": {
				"ansi-regex": "^6.2.2"
			},
			"engines": {
				"node": ">=12"
			},
			"funding": {
				"url": "https://github.com/chalk/strip-ansi?sponsor=1"
			}
		},
		"node_modules/typescript": {
			"version": "6.0.2",
			"resolved": "https://registry.npmjs.org/typescript/-/typescript-6.0.2.tgz",
			"integrity": "sha512-bGdAIrZ0wiGDo5l8c++HWtbaNCWTS4UTv7RaTH/ThVIgjkveJt83m74bBHMJkuCbslY8ixgLBVZJIOiQlQTjfQ==",
			"dev": true,
			"license": "Apache-2.0",
			"bin": {
				"tsc": "bin/tsc",
				"tsserver": "bin/tsserver"
			},
			"engines": {
				"node": ">=14.17"
			}
		},
		"node_modules/undici-types": {
			"version": "7.18.2",
			"resolved": "https://registry.npmjs.org/undici-types/-/undici-types-7.18.2.tgz",
			"integrity": "sha512-AsuCzffGHJybSaRrmr5eHr81mwJU3kjw6M+uprWvCXiNeN9SOGwQ3Jn8jb8m3Z6izVgknn1R0FTCEAP2QrLY/w==",
			"dev": true,
			"license": "MIT"
		}
	}
}
