{
	"name": "@e280/strata",
	"version": "0.3.0-2",
	"lockfileVersion": 3,
	"requires": true,
	"packages": {
		"": {
			"name": "@e280/strata",
			"version": "0.3.0-2",
			"license": "MIT",
			"dependencies": {
				"@e280/stz": "^0.2.24"
			},
			"devDependencies": {
				"@e280/octo": "^0.1.0-12",
				"@e280/science": "^0.1.8",
				"@types/node": "^25.4.0",
				"typescript": "^5.9.3"
			}
		},
		"node_modules/@benev/argv": {
			"version": "0.3.14",
			"resolved": "https://registry.npmjs.org/@benev/argv/-/argv-0.3.14.tgz",
			"integrity": "sha512-Lr0Mu05iSe7jFH22qhwKaN+mVnjMFQtJfSDjblfJhY+IFZ/EuYTrGw/cVjlFd6MTCmfxcFohU/2+t9MsjR21Xw==",
			"dev": true,
			"license": "MIT"
		},
		"node_modules/@e280/octo": {
			"version": "0.1.0-12",
			"resolved": "https://registry.npmjs.org/@e280/octo/-/octo-0.1.0-12.tgz",
			"integrity": "sha512-8TLSaR6xSFaSvi0lhTezOjmoeDVrHl0PyptE9bfJZbyKTlRsYznxDR6VkKAWxubaDW0v439Uhc1VStsPw3pvtw==",
			"dev": true,
			"license": "MIT",
			"dependencies": {
				"@benev/argv": "^0.3.14",
				"@e280/sten": "^0.1.1",
				"@e280/strata": "^0.3.0-2",
				"@e280/stz": "^0.2.24",
				"shell-quote": "^1.8.3",
				"string-width": "^8.2.0"
			},
			"bin": {
				"octo": "x/octo.js",
				"octo-p": "x/octo-parallel.js",
				"octo-parallel": "x/octo-parallel.js",
				"octo-s": "x/octo-sequence.js",
				"octo-sequence": "x/octo-sequence.js"
			}
		},
		"node_modules/@e280/science": {
			"version": "0.1.8",
			"resolved": "https://registry.npmjs.org/@e280/science/-/science-0.1.8.tgz",
			"integrity": "sha512-6bi8ibDwLMKPFNAqQDeJgA1Y0mP9Odea1iBSQ/e9irYtL/SuAf9Gd0BPT/LcD0HRigx9Tr96FttbFOS2m1ySdw==",
			"dev": true,
			"license": "MIT"
		},
		"node_modules/@e280/sten": {
			"version": "0.1.1",
			"resolved": "https://registry.npmjs.org/@e280/sten/-/sten-0.1.1.tgz",
			"integrity": "sha512-/Z5NFFBzQQE4vnnDRFAfbwG4baocqInsbXA/CDnvJxSMvCQcEjf7thpYY3gYCzCVpIDUu6azjOLlwkyFT/kqZg==",
			"dev": true,
			"license": "MIT"
		},
		"node_modules/@e280/strata": {
			"version": "0.3.0-2",
			"resolved": "https://registry.npmjs.org/@e280/strata/-/strata-0.3.0-2.tgz",
			"integrity": "sha512-H0qX1TJtWUMrGNOJrokHJHWFTPpQ1D3bIsbvAcL6n++9IIwF0qHED8YxyZi8dageHvyBicC5c4s6Hdb5al6Hmw==",
			"dev": true,
			"license": "MIT",
			"dependencies": {
				"@e280/stz": "^0.2.24"
			}
		},
		"node_modules/@e280/stz": {
			"version": "0.2.24",
			"resolved": "https://registry.npmjs.org/@e280/stz/-/stz-0.2.24.tgz",
			"integrity": "sha512-YJD881IZv7RJrxFRUDuToXNdHilSGD7AxdhJ1z1wt/x2CXt8UDHq1t8QjVdk5+luGr8/CqrqBMRvKC9FOQWjCg==",
			"license": "MIT"
		},
		"node_modules/@types/node": {
			"version": "25.4.0",
			"resolved": "https://registry.npmjs.org/@types/node/-/node-25.4.0.tgz",
			"integrity": "sha512-9wLpoeWuBlcbBpOY3XmzSTG3oscB6xjBEEtn+pYXTfhyXhIxC5FsBer2KTopBlvKEiW9l13po9fq+SJY/5lkhw==",
			"dev": true,
			"license": "MIT",
			"dependencies": {
				"undici-types": "~7.18.0"
			}
		},
		"node_modules/ansi-regex": {
			"version": "6.2.2",
			"resolved": "https://registry.npmjs.org/ansi-regex/-/ansi-regex-6.2.2.tgz",
			"integrity": "sha512-Bq3SmSpyFHaWjPk8If9yc6svM8c56dB5BAtW4Qbw5jHTwwXXcTLoRMkpDJp6VL0XzlWaCHTXrkFURMYmD0sLqg==",
			"dev": true,
			"license": "MIT",
			"engines": {
				"node": ">=12"
			},
			"funding": {
				"url": "https://github.com/chalk/ansi-regex?sponsor=1"
			}
		},
		"node_modules/get-east-asian-width": {
			"version": "1.5.0",
			"resolved": "https://registry.npmjs.org/get-east-asian-width/-/get-east-asian-width-1.5.0.tgz",
			"integrity": "sha512-CQ+bEO+Tva/qlmw24dCejulK5pMzVnUOFOijVogd3KQs07HnRIgp8TGipvCCRT06xeYEbpbgwaCxglFyiuIcmA==",
			"dev": true,
			"license": "MIT",
			"engines": {
				"node": ">=18"
			},
			"funding": {
				"url": "https://github.com/sponsors/sindresorhus"
			}
		},
		"node_modules/shell-quote": {
			"version": "1.8.3",
			"resolved": "https://registry.npmjs.org/shell-quote/-/shell-quote-1.8.3.tgz",
			"integrity": "sha512-ObmnIF4hXNg1BqhnHmgbDETF8dLPCggZWBjkQfhZpbszZnYur5DUljTcCHii5LC3J5E0yeO/1LIMyH+UvHQgyw==",
			"dev": true,
			"license": "MIT",
			"engines": {
				"node": ">= 0.4"
			},
			"funding": {
				"url": "https://github.com/sponsors/ljharb"
			}
		},
		"node_modules/string-width": {
			"version": "8.2.0",
			"resolved": "https://registry.npmjs.org/string-width/-/string-width-8.2.0.tgz",
			"integrity": "sha512-6hJPQ8N0V0P3SNmP6h2J99RLuzrWz2gvT7VnK5tKvrNqJoyS9W4/Fb8mo31UiPvy00z7DQXkP2hnKBVav76thw==",
			"dev": true,
			"license": "MIT",
			"dependencies": {
				"get-east-asian-width": "^1.5.0",
				"strip-ansi": "^7.1.2"
			},
			"engines": {
				"node": ">=20"
			},
			"funding": {
				"url": "https://github.com/sponsors/sindresorhus"
			}
		},
		"node_modules/strip-ansi": {
			"version": "7.2.0",
			"resolved": "https://registry.npmjs.org/strip-ansi/-/strip-ansi-7.2.0.tgz",
			"integrity": "sha512-yDPMNjp4WyfYBkHnjIRLfca1i6KMyGCtsVgoKe/z1+6vukgaENdgGBZt+ZmKPc4gavvEZ5OgHfHdrazhgNyG7w==",
			"dev": true,
			"license": "MIT",
			"dependencies": {
				"ansi-regex": "^6.2.2"
			},
			"engines": {
				"node": ">=12"
			},
			"funding": {
				"url": "https://github.com/chalk/strip-ansi?sponsor=1"
			}
		},
		"node_modules/typescript": {
			"version": "5.9.3",
			"resolved": "https://registry.npmjs.org/typescript/-/typescript-5.9.3.tgz",
			"integrity": "sha512-jl1vZzPDinLr9eUt3J/t7V6FgNEw9QjvBPdysz9KfQDD41fQrC2Y4vKQdiaUpFT4bXlb1RHhLpp8wtm6M5TgSw==",
			"dev": true,
			"license": "Apache-2.0",
			"bin": {
				"tsc": "bin/tsc",
				"tsserver": "bin/tsserver"
			},
			"engines": {
				"node": ">=14.17"
			}
		},
		"node_modules/undici-types": {
			"version": "7.18.2",
			"resolved": "https://registry.npmjs.org/undici-types/-/undici-types-7.18.2.tgz",
			"integrity": "sha512-AsuCzffGHJybSaRrmr5eHr81mwJU3kjw6M+uprWvCXiNeN9SOGwQ3Jn8jb8m3Z6izVgknn1R0FTCEAP2QrLY/w==",
			"dev": true,
			"license": "MIT"
		}
	}
}
